
Microsoft Visual Studio Solution File, Format Version 12.00
# Visual Studio 2012
Project("{FAE04EC0-301F-11D3-BF4B-00C04F79EFBC}") = "Anagrams", "Anagrams\Anagrams.csproj", "{2C1DDBC4-2CEA-4E24-BE6D-9FEFC23FF679}"
EndProject
Project("{FAE04EC0-301F-11D3-BF4B-00C04F79EFBC}") = "Dating", "Dating\Dating.csproj", "{C496A7DB-4D5D-472A-BEB9-4498AD2D91FE}"
EndProject
Project("{FAE04EC0-301F-11D3-BF4B-00C04F79EFBC}") = "LOTR", "LOTR\LOTR.csproj", "{772E25E5-C1A9-4AF9-9830-392003EB6B5C}"
EndProject
Project("{FAE04EC0-301F-11D3-BF4B-00C04F79EFBC}") = "Pool", "Pool\Pool.csproj", "{9BEC52D1-6597-408B-96AD-613BD7A76539}"
EndProject
Project("{FAE04EC0-301F-11D3-BF4B-00C04F79EFBC}") = "StandInLine", "StandInLine\StandInLine.csproj", "{D159F7C0-6AEA-481D-9787-ECE07A21F323}"
EndProject
Project("{FAE04EC0-301F-11D3-BF4B-00C04F79EFBC}") = "LexStringWriter", "LexStringWriter\LexStringWriter.csproj", "{834ACBB3-570C-4DDC-83A1-3CE2D9C7A828}"
EndProject
Project("{FAE04EC0-301F-11D3-BF4B-00C04F79EFBC}") = "FriendScore", "FriendScore\FriendScore.csproj", "{BE403334-2764-4AE7-B4EE-A421FD5E759C}"
EndProject
Global
	GlobalSection(SolutionConfigurationPlatforms) = preSolution
		Debug|Any CPU = Debug|Any CPU
		Release|Any CPU = Release|Any CPU
	EndGlobalSection
	GlobalSection(ProjectConfigurationPlatforms) = postSolution
		{2C1DDBC4-2CEA-4E24-BE6D-9FEFC23FF679}.Debug|Any CPU.ActiveCfg = Debug|Any CPU
		{2C1DDBC4-2CEA-4E24-BE6D-9FEFC23FF679}.Debug|Any CPU.Build.0 = Debug|Any CPU
		{2C1DDBC4-2CEA-4E24-BE6D-9FEFC23FF679}.Release|Any CPU.ActiveCfg = Release|Any CPU
		{2C1DDBC4-2CEA-4E24-BE6D-9FEFC23FF679}.Release|Any CPU.Build.0 = Release|Any CPU
		{C496A7DB-4D5D-472A-BEB9-4498AD2D91FE}.Debug|Any CPU.ActiveCfg = Debug|Any CPU
		{C496A7DB-4D5D-472A-BEB9-4498AD2D91FE}.Debug|Any CPU.Build.0 = Debug|Any CPU
		{C496A7DB-4D5D-472A-BEB9-4498AD2D91FE}.Release|Any CPU.ActiveCfg = Release|Any CPU
		{C496A7DB-4D5D-472A-BEB9-4498AD2D91FE}.Release|Any CPU.Build.0 = Release|Any CPU
		{772E25E5-C1A9-4AF9-9830-392003EB6B5C}.Debug|Any CPU.ActiveCfg = Debug|Any CPU
		{772E25E5-C1A9-4AF9-9830-392003EB6B5C}.Debug|Any CPU.Build.0 = Debug|Any CPU
		{772E25E5-C1A9-4AF9-9830-392003EB6B5C}.Release|Any CPU.ActiveCfg = Release|Any CPU
		{772E25E5-C1A9-4AF9-9830-392003EB6B5C}.Release|Any CPU.Build.0 = Release|Any CPU
		{9BEC52D1-6597-408B-96AD-613BD7A76539}.Debug|Any CPU.ActiveCfg = Debug|Any CPU
		{9BEC52D1-6597-408B-96AD-613BD7A76539}.Debug|Any CPU.Build.0 = Debug|Any CPU
		{9BEC52D1-6597-408B-96AD-613BD7A76539}.Release|Any CPU.ActiveCfg = Release|Any CPU
		{9BEC52D1-6597-408B-96AD-613BD7A76539}.Release|Any CPU.Build.0 = Release|Any CPU
		{D159F7C0-6AEA-481D-9787-ECE07A21F323}.Debug|Any CPU.ActiveCfg = Debug|Any CPU
		{D159F7C0-6AEA-481D-9787-ECE07A21F323}.Debug|Any CPU.Build.0 = Debug|Any CPU
		{D159F7C0-6AEA-481D-9787-ECE07A21F323}.Release|Any CPU.ActiveCfg = Release|Any CPU
		{D159F7C0-6AEA-481D-9787-ECE07A21F323}.Release|Any CPU.Build.0 = Release|Any CPU
		{834ACBB3-570C-4DDC-83A1-3CE2D9C7A828}.Debug|Any CPU.ActiveCfg = Debug|Any CPU
		{834ACBB3-570C-4DDC-83A1-3CE2D9C7A828}.Debug|Any CPU.Build.0 = Debug|Any CPU
		{834ACBB3-570C-4DDC-83A1-3CE2D9C7A828}.Release|Any CPU.ActiveCfg = Release|Any CPU
		{834ACBB3-570C-4DDC-83A1-3CE2D9C7A828}.Release|Any CPU.Build.0 = Release|Any CPU
		{BE403334-2764-4AE7-B4EE-A421FD5E759C}.Debug|Any CPU.ActiveCfg = Debug|Any CPU
		{BE403334-2764-4AE7-B4EE-A421FD5E759C}.Debug|Any CPU.Build.0 = Debug|Any CPU
		{BE403334-2764-4AE7-B4EE-A421FD5E759C}.Release|Any CPU.ActiveCfg = Release|Any CPU
		{BE403334-2764-4AE7-B4EE-A421FD5E759C}.Release|Any CPU.Build.0 = Release|Any CPU
	EndGlobalSection
	GlobalSection(SolutionProperties) = preSolution
		HideSolutionNode = FALSE
	EndGlobalSection
EndGlobal
