
Microsoft Visual Studio Solution File, Format Version 12.00
# Visual Studio 2012
Project("{FAE04EC0-301F-11D3-BF4B-00C04F79EFBC}") = "Anagrams", "Anagrams\Anagrams.csproj", "{2C1DDBC4-2CEA-4E24-BE6D-9FEFC23FF679}"
EndProject
Project("{FAE04EC0-301F-11D3-BF4B-00C04F79EFBC}") = "Dating", "Dating\Dating.csproj", "{C496A7DB-4D5D-472A-BEB9-4498AD2D91FE}"
EndProject
Project("{FAE04EC0-301F-11D3-BF4B-00C04F79EFBC}") = "LOTR", "LOTR\LOTR.csproj", "{772E25E5-C1A9-4AF9-9830-392003EB6B5C}"
EndProject
Global
	GlobalSection(SolutionConfigurationPlatforms) = preSolution
		Debug|Any CPU = Debug|Any CPU
		Release|Any CPU = Release|Any CPU
	EndGlobalSection
	GlobalSection(ProjectConfigurationPlatforms) = postSolution
		{2C1DDBC4-2CEA-4E24-BE6D-9FEFC23FF679}.Debug|Any CPU.ActiveCfg = Debug|Any CPU
		{2C1DDBC4-2CEA-4E24-BE6D-9FEFC23FF679}.Debug|Any CPU.Build.0 = Debug|Any CPU
		{2C1DDBC4-2CEA-4E24-BE6D-9FEFC23FF679}.Release|Any CPU.ActiveCfg = Release|Any CPU
		{2C1DDBC4-2CEA-4E24-BE6D-9FEFC23FF679}.Release|Any CPU.Build.0 = Release|Any CPU
		{C496A7DB-4D5D-472A-BEB9-4498AD2D91FE}.Debug|Any CPU.ActiveCfg = Debug|Any CPU
		{C496A7DB-4D5D-472A-BEB9-4498AD2D91FE}.Debug|Any CPU.Build.0 = Debug|Any CPU
		{C496A7DB-4D5D-472A-BEB9-4498AD2D91FE}.Release|Any CPU.ActiveCfg = Release|Any CPU
		{C496A7DB-4D5D-472A-BEB9-4498AD2D91FE}.Release|Any CPU.Build.0 = Release|Any CPU
		{772E25E5-C1A9-4AF9-9830-392003EB6B5C}.Debug|Any CPU.ActiveCfg = Debug|Any CPU
		{772E25E5-C1A9-4AF9-9830-392003EB6B5C}.Debug|Any CPU.Build.0 = Debug|Any CPU
		{772E25E5-C1A9-4AF9-9830-392003EB6B5C}.Release|Any CPU.ActiveCfg = Release|Any CPU
		{772E25E5-C1A9-4AF9-9830-392003EB6B5C}.Release|Any CPU.Build.0 = Release|Any CPU
	EndGlobalSection
	GlobalSection(SolutionProperties) = preSolution
		HideSolutionNode = FALSE
	EndGlobalSection
EndGlobal
